
Microsoft Visual Studio Solution File, Format Version 12.00
# Visual Studio Version 16
VisualStudioVersion = 25.0.1700.0
MinimumVisualStudioVersion = 10.0.40219.1
Project("{FAE04EC0-301F-11D3-BF4B-00C04F79EFBC}") = "cs03_paskaita", "cs03_paskaita\cs03_paskaita.csproj", "{4A428739-43A5-408E-B16A-D5DAB6433912}"
EndProject
Global
	GlobalSection(SolutionConfigurationPlatforms) = preSolution
		Debug|Any CPU = Debug|Any CPU
		Release|Any CPU = Release|Any CPU
	EndGlobalSection
	GlobalSection(ProjectConfigurationPlatforms) = postSolution
		{4A428739-43A5-408E-B16A-D5DAB6433912}.Debug|Any CPU.ActiveCfg = Debug|Any CPU
		{4A428739-43A5-408E-B16A-D5DAB6433912}.Debug|Any CPU.Build.0 = Debug|Any CPU
		{4A428739-43A5-408E-B16A-D5DAB6433912}.Release|Any CPU.ActiveCfg = Release|Any CPU
		{4A428739-43A5-408E-B16A-D5DAB6433912}.Release|Any CPU.Build.0 = Release|Any CPU
	EndGlobalSection
	GlobalSection(SolutionProperties) = preSolution
		HideSolutionNode = FALSE
	EndGlobalSection
	GlobalSection(ExtensibilityGlobals) = postSolution
		SolutionGuid = {B7867B5C-C0D9-45BC-86D2-9EA26DCDA097}
	EndGlobalSection
EndGlobal
